// !$*UTF8*$!
{
	archiveVersion = 1;
	classes = {
	};
	objectVersion = 56;
	objects = {

/* Begin PBXBuildFile section */
		81D93D8A2A8E566E003B9CF0 /* AppDelegate.swift in Sources */ = {isa = PBXBuildFile; fileRef = 81D93D892A8E566E003B9CF0 /* AppDelegate.swift */; };
		81D93D8C2A8E566E003B9CF0 /* SceneDelegate.swift in Sources */ = {isa = PBXBuildFile; fileRef = 81D93D8B2A8E566E003B9CF0 /* SceneDelegate.swift */; };
		81D93D8E2A8E566E003B9CF0 /* ViewController.swift in Sources */ = {isa = PBXBuildFile; fileRef = 81D93D8D2A8E566E003B9CF0 /* ViewController.swift */; };
		81D93D912A8E566E003B9CF0 /* Main.storyboard in Resources */ = {isa = PBXBuildFile; fileRef = 81D93D8F2A8E566E003B9CF0 /* Main.storyboard */; };
		81D93D932A8E566F003B9CF0 /* Assets.xcassets in Resources */ = {isa = PBXBuildFile; fileRef = 81D93D922A8E566F003B9CF0 /* Assets.xcassets */; };
		81D93D962A8E566F003B9CF0 /* LaunchScreen.storyboard in Resources */ = {isa = PBXBuildFile; fileRef = 81D93D942A8E566F003B9CF0 /* LaunchScreen.storyboard */; };
		81D93DA12A8E566F003B9CF0 /* iOS_LoginAppTests.swift in Sources */ = {isa = PBXBuildFile; fileRef = 81D93DA02A8E566F003B9CF0 /* iOS_LoginAppTests.swift */; };
		81D93DAB2A8E566F003B9CF0 /* iOS_LoginAppUITests.swift in Sources */ = {isa = PBXBuildFile; fileRef = 81D93DAA2A8E566F003B9CF0 /* iOS_LoginAppUITests.swift */; };
		81D93DAD2A8E566F003B9CF0 /* iOS_LoginAppUITestsLaunchTests.swift in Sources */ = {isa = PBXBuildFile; fileRef = 81D93DAC2A8E566F003B9CF0 /* iOS_LoginAppUITestsLaunchTests.swift */; };
/* End PBXBuildFile section */

/* Begin PBXContainerItemProxy section */
		81D93D9D2A8E566F003B9CF0 /* PBXContainerItemProxy */ = {
			isa = PBXContainerItemProxy;
			containerPortal = 81D93D7E2A8E566E003B9CF0 /* Project object */;
			proxyType = 1;
			remoteGlobalIDString = 81D93D852A8E566E003B9CF0;
			remoteInfo = iOS_LoginApp;
		};
		81D93DA72A8E566F003B9CF0 /* PBXContainerItemProxy */ = {
			isa = PBXContainerItemProxy;
			containerPortal = 81D93D7E2A8E566E003B9CF0 /* Project object */;
			proxyType = 1;
			remoteGlobalIDString = 81D93D852A8E566E003B9CF0;
			remoteInfo = iOS_LoginApp;
		};
/* End PBXContainerItemProxy section */

/* Begin PBXFileReference section */
		81D93D862A8E566E003B9CF0 /* iOS_LoginApp.app */ = {isa = PBXFileReference; explicitFileType = wrapper.application; includeInIndex = 0; path = iOS_LoginApp.app; sourceTree = BUILT_PRODUCTS_DIR; };
		81D93D892A8E566E003B9CF0 /* AppDelegate.swift */ = {isa = PBXFileReference; lastKnownFileType = sourcecode.swift; path = AppDelegate.swift; sourceTree = "<group>"; };
		81D93D8B2A8E566E003B9CF0 /* SceneDelegate.swift */ = {isa = PBXFileReference; lastKnownFileType = sourcecode.swift; path = SceneDelegate.swift; sourceTree = "<group>"; };
		81D93D8D2A8E566E003B9CF0 /* ViewController.swift */ = {isa = PBXFileReference; lastKnownFileType = sourcecode.swift; path = ViewController.swift; sourceTree = "<group>"; };
		81D93D902A8E566E003B9CF0 /* Base */ = {isa = PBXFileReference; lastKnownFileType = file.storyboard; name = Base; path = Base.lproj/Main.storyboard; sourceTree = "<group>"; };
		81D93D922A8E566F003B9CF0 /* Assets.xcassets */ = {isa = PBXFileReference; lastKnownFileType = folder.assetcatalog; path = Assets.xcassets; sourceTree = "<group>"; };
		81D93D952A8E566F003B9CF0 /* Base */ = {isa = PBXFileReference; lastKnownFileType = file.storyboard; name = Base; path = Base.lproj/LaunchScreen.storyboard; sourceTree = "<group>"; };
		81D93D972A8E566F003B9CF0 /* Info.plist */ = {isa = PBXFileReference; lastKnownFileType = text.plist.xml; path = Info.plist; sourceTree = "<group>"; };
		81D93D9C2A8E566F003B9CF0 /* iOS_LoginAppTests.xctest */ = {isa = PBXFileReference; explicitFileType = wrapper.cfbundle; includeInIndex = 0; path = iOS_LoginAppTests.xctest; sourceTree = BUILT_PRODUCTS_DIR; };
		81D93DA02A8E566F003B9CF0 /* iOS_LoginAppTests.swift */ = {isa = PBXFileReference; lastKnownFileType = sourcecode.swift; path = iOS_LoginAppTests.swift; sourceTree = "<group>"; };
		81D93DA62A8E566F003B9CF0 /* iOS_LoginAppUITests.xctest */ = {isa = PBXFileReference; explicitFileType = wrapper.cfbundle; includeInIndex = 0; path = iOS_LoginAppUITests.xctest; sourceTree = BUILT_PRODUCTS_DIR; };
		81D93DAA2A8E566F003B9CF0 /* iOS_LoginAppUITests.swift */ = {isa = PBXFileReference; lastKnownFileType = sourcecode.swift; path = iOS_LoginAppUITests.swift; sourceTree = "<group>"; };
		81D93DAC2A8E566F003B9CF0 /* iOS_LoginAppUITestsLaunchTests.swift */ = {isa = PBXFileReference; lastKnownFileType = sourcecode.swift; path = iOS_LoginAppUITestsLaunchTests.swift; sourceTree = "<group>"; };
/* End PBXFileReference section */

/* Begin PBXFrameworksBuildPhase section */
		81D93D832A8E566E003B9CF0 /* Frameworks */ = {
			isa = PBXFrameworksBuildPhase;
			buildActionMask = 2147483647;
			files = (
			);
			runOnlyForDeploymentPostprocessing = 0;
		};
		81D93D992A8E566F003B9CF0 /* Frameworks */ = {
			isa = PBXFrameworksBuildPhase;
			buildActionMask = 2147483647;
			files = (
			);
			runOnlyForDeploymentPostprocessing = 0;
		};
		81D93DA32A8E566F003B9CF0 /* Frameworks */ = {
			isa = PBXFrameworksBuildPhase;
			buildActionMask = 2147483647;
			files = (
			);
			runOnlyForDeploymentPostprocessing = 0;
		};
/* End PBXFrameworksBuildPhase section */

/* Begin PBXGroup section */
		81D93D7D2A8E566E003B9CF0 = {
			isa = PBXGroup;
			children = (
				81D93D882A8E566E003B9CF0 /* iOS_LoginApp */,
				81D93D9F2A8E566F003B9CF0 /* iOS_LoginAppTests */,
				81D93DA92A8E566F003B9CF0 /* iOS_LoginAppUITests */,
				81D93D872A8E566E003B9CF0 /* Products */,
			);
			sourceTree = "<group>";
		};
		81D93D872A8E566E003B9CF0 /* Products */ = {
			isa = PBXGroup;
			children = (
				81D93D862A8E566E003B9CF0 /* iOS_LoginApp.app */,
				81D93D9C2A8E566F003B9CF0 /* iOS_LoginAppTests.xctest */,
				81D93DA62A8E566F003B9CF0 /* iOS_LoginAppUITests.xctest */,
			);
			name = Products;
			sourceTree = "<group>";
		};
		81D93D882A8E566E003B9CF0 /* iOS_LoginApp */ = {
			isa = PBXGroup;
			children = (
				81D93D892A8E566E003B9CF0 /* AppDelegate.swift */,
				81D93D8B2A8E566E003B9CF0 /* SceneDelegate.swift */,
				81D93D8D2A8E566E003B9CF0 /* ViewController.swift */,
				81D93D8F2A8E566E003B9CF0 /* Main.storyboard */,
				81D93D922A8E566F003B9CF0 /* Assets.xcassets */,
				81D93D942A8E566F003B9CF0 /* LaunchScreen.storyboard */,
				81D93D972A8E566F003B9CF0 /* Info.plist */,
			);
			path = iOS_LoginApp;
			sourceTree = "<group>";
		};
		81D93D9F2A8E566F003B9CF0 /* iOS_LoginAppTests */ = {
			isa = PBXGroup;
			children = (
				81D93DA02A8E566F003B9CF0 /* iOS_LoginAppTests.swift */,
			);
			path = iOS_LoginAppTests;
			sourceTree = "<group>";
		};
		81D93DA92A8E566F003B9CF0 /* iOS_LoginAppUITests */ = {
			isa = PBXGroup;
			children = (
				81D93DAA2A8E566F003B9CF0 /* iOS_LoginAppUITests.swift */,
				81D93DAC2A8E566F003B9CF0 /* iOS_LoginAppUITestsLaunchTests.swift */,
			);
			path = iOS_LoginAppUITests;
			sourceTree = "<group>";
		};
/* End PBXGroup section */

/* Begin PBXNativeTarget section */
		81D93D852A8E566E003B9CF0 /* iOS_LoginApp */ = {
			isa = PBXNativeTarget;
			buildConfigurationList = 81D93DB02A8E566F003B9CF0 /* Build configuration list for PBXNativeTarget "iOS_LoginApp" */;
			buildPhases = (
				81D93D822A8E566E003B9CF0 /* Sources */,
				81D93D832A8E566E003B9CF0 /* Frameworks */,
				81D93D842A8E566E003B9CF0 /* Resources */,
			);
			buildRules = (
			);
			dependencies = (
			);
			name = iOS_LoginApp;
			productName = iOS_LoginApp;
			productReference = 81D93D862A8E566E003B9CF0 /* iOS_LoginApp.app */;
			productType = "com.apple.product-type.application";
		};
		81D93D9B2A8E566F003B9CF0 /* iOS_LoginAppTests */ = {
			isa = PBXNativeTarget;
			buildConfigurationList = 81D93DB32A8E566F003B9CF0 /* Build configuration list for PBXNativeTarget "iOS_LoginAppTests" */;
			buildPhases = (
				81D93D982A8E566F003B9CF0 /* Sources */,
				81D93D992A8E566F003B9CF0 /* Frameworks */,
				81D93D9A2A8E566F003B9CF0 /* Resources */,
			);
			buildRules = (
			);
			dependencies = (
				81D93D9E2A8E566F003B9CF0 /* PBXTargetDependency */,
			);
			name = iOS_LoginAppTests;
			productName = iOS_LoginAppTests;
			productReference = 81D93D9C2A8E566F003B9CF0 /* iOS_LoginAppTests.xctest */;
			productType = "com.apple.product-type.bundle.unit-test";
		};
		81D93DA52A8E566F003B9CF0 /* iOS_LoginAppUITests */ = {
			isa = PBXNativeTarget;
			buildConfigurationList = 81D93DB62A8E566F003B9CF0 /* Build configuration list for PBXNativeTarget "iOS_LoginAppUITests" */;
			buildPhases = (
				81D93DA22A8E566F003B9CF0 /* Sources */,
				81D93DA32A8E566F003B9CF0 /* Frameworks */,
				81D93DA42A8E566F003B9CF0 /* Resources */,
			);
			buildRules = (
			);
			dependencies = (
				81D93DA82A8E566F003B9CF0 /* PBXTargetDependency */,
			);
			name = iOS_LoginAppUITests;
			productName = iOS_LoginAppUITests;
			productReference = 81D93DA62A8E566F003B9CF0 /* iOS_LoginAppUITests.xctest */;
			productType = "com.apple.product-type.bundle.ui-testing";
		};
/* End PBXNativeTarget section */

/* Begin PBXProject section */
		81D93D7E2A8E566E003B9CF0 /* Project object */ = {
			isa = PBXProject;
			attributes = {
				BuildIndependentTargetsInParallel = 1;
				LastSwiftUpdateCheck = 1420;
				LastUpgradeCheck = 1420;
				TargetAttributes = {
					81D93D852A8E566E003B9CF0 = {
						CreatedOnToolsVersion = 14.2;
					};
					81D93D9B2A8E566F003B9CF0 = {
						CreatedOnToolsVersion = 14.2;
						TestTargetID = 81D93D852A8E566E003B9CF0;
					};
					81D93DA52A8E566F003B9CF0 = {
						CreatedOnToolsVersion = 14.2;
						TestTargetID = 81D93D852A8E566E003B9CF0;
					};
				};
			};
			buildConfigurationList = 81D93D812A8E566E003B9CF0 /* Build configuration list for PBXProject "iOS_LoginApp" */;
			compatibilityVersion = "Xcode 14.0";
			developmentRegion = en;
			hasScannedForEncodings = 0;
			knownRegions = (
				en,
				Base,
			);
			mainGroup = 81D93D7D2A8E566E003B9CF0;
			productRefGroup = 81D93D872A8E566E003B9CF0 /* Products */;
			projectDirPath = "";
			projectRoot = "";
			targets = (
				81D93D852A8E566E003B9CF0 /* iOS_LoginApp */,
				81D93D9B2A8E566F003B9CF0 /* iOS_LoginAppTests */,
				81D93DA52A8E566F003B9CF0 /* iOS_LoginAppUITests */,
			);
		};
/* End PBXProject section */

/* Begin PBXResourcesBuildPhase section */
		81D93D842A8E566E003B9CF0 /* Resources */ = {
			isa = PBXResourcesBuildPhase;
			buildActionMask = 2147483647;
			files = (
				81D93D962A8E566F003B9CF0 /* LaunchScreen.storyboard in Resources */,
				81D93D932A8E566F003B9CF0 /* Assets.xcassets in Resources */,
				81D93D912A8E566E003B9CF0 /* Main.storyboard in Resources */,
			);
			runOnlyForDeploymentPostprocessing = 0;
		};
		81D93D9A2A8E566F003B9CF0 /* Resources */ = {
			isa = PBXResourcesBuildPhase;
			buildActionMask = 2147483647;
			files = (
			);
			runOnlyForDeploymentPostprocessing = 0;
		};
		81D93DA42A8E566F003B9CF0 /* Resources */ = {
			isa = PBXResourcesBuildPhase;
			buildActionMask = 2147483647;
			files = (
			);
			runOnlyForDeploymentPostprocessing = 0;
		};
/* End PBXResourcesBuildPhase section */

/* Begin PBXSourcesBuildPhase section */
		81D93D822A8E566E003B9CF0 /* Sources */ = {
			isa = PBXSourcesBuildPhase;
			buildActionMask = 2147483647;
			files = (
				81D93D8E2A8E566E003B9CF0 /* ViewController.swift in Sources */,
				81D93D8A2A8E566E003B9CF0 /* AppDelegate.swift in Sources */,
				81D93D8C2A8E566E003B9CF0 /* SceneDelegate.swift in Sources */,
			);
			runOnlyForDeploymentPostprocessing = 0;
		};
		81D93D982A8E566F003B9CF0 /* Sources */ = {
			isa = PBXSourcesBuildPhase;
			buildActionMask = 2147483647;
			files = (
				81D93DA12A8E566F003B9CF0 /* iOS_LoginAppTests.swift in Sources */,
			);
			runOnlyForDeploymentPostprocessing = 0;
		};
		81D93DA22A8E566F003B9CF0 /* Sources */ = {
			isa = PBXSourcesBuildPhase;
			buildActionMask = 2147483647;
			files = (
				81D93DAD2A8E566F003B9CF0 /* iOS_LoginAppUITestsLaunchTests.swift in Sources */,
				81D93DAB2A8E566F003B9CF0 /* iOS_LoginAppUITests.swift in Sources */,
			);
			runOnlyForDeploymentPostprocessing = 0;
		};
/* End PBXSourcesBuildPhase section */

/* Begin PBXTargetDependency section */
		81D93D9E2A8E566F003B9CF0 /* PBXTargetDependency */ = {
			isa = PBXTargetDependency;
			target = 81D93D852A8E566E003B9CF0 /* iOS_LoginApp */;
			targetProxy = 81D93D9D2A8E566F003B9CF0 /* PBXContainerItemProxy */;
		};
		81D93DA82A8E566F003B9CF0 /* PBXTargetDependency */ = {
			isa = PBXTargetDependency;
			target = 81D93D852A8E566E003B9CF0 /* iOS_LoginApp */;
			targetProxy = 81D93DA72A8E566F003B9CF0 /* PBXContainerItemProxy */;
		};
/* End PBXTargetDependency section */

/* Begin PBXVariantGroup section */
		81D93D8F2A8E566E003B9CF0 /* Main.storyboard */ = {
			isa = PBXVariantGroup;
			children = (
				81D93D902A8E566E003B9CF0 /* Base */,
			);
			name = Main.storyboard;
			sourceTree = "<group>";
		};
		81D93D942A8E566F003B9CF0 /* LaunchScreen.storyboard */ = {
			isa = PBXVariantGroup;
			children = (
				81D93D952A8E566F003B9CF0 /* Base */,
			);
			name = LaunchScreen.storyboard;
			sourceTree = "<group>";
		};
/* End PBXVariantGroup section */

/* Begin XCBuildConfiguration section */
		81D93DAE2A8E566F003B9CF0 /* Debug */ = {
			isa = XCBuildConfiguration;
			buildSettings = {
				ALWAYS_SEARCH_USER_PATHS = NO;
				CLANG_ANALYZER_NONNULL = YES;
				CLANG_ANALYZER_NUMBER_OBJECT_CONVERSION = YES_AGGRESSIVE;
				CLANG_CXX_LANGUAGE_STANDARD = "gnu++20";
				CLANG_ENABLE_MODULES = YES;
				CLANG_ENABLE_OBJC_ARC = YES;
				CLANG_ENABLE_OBJC_WEAK = YES;
				CLANG_WARN_BLOCK_CAPTURE_AUTORELEASING = YES;
				CLANG_WARN_BOOL_CONVERSION = YES;
				CLANG_WARN_COMMA = YES;
				CLANG_WARN_CONSTANT_CONVERSION = YES;
				CLANG_WARN_DEPRECATED_OBJC_IMPLEMENTATIONS = YES;
				CLANG_WARN_DIRECT_OBJC_ISA_USAGE = YES_ERROR;
				CLANG_WARN_DOCUMENTATION_COMMENTS = YES;
				CLANG_WARN_EMPTY_BODY = YES;
				CLANG_WARN_ENUM_CONVERSION = YES;
				CLANG_WARN_INFINITE_RECURSION = YES;
				CLANG_WARN_INT_CONVERSION = YES;
				CLANG_WARN_NON_LITERAL_NULL_CONVERSION = YES;
				CLANG_WARN_OBJC_IMPLICIT_RETAIN_SELF = YES;
				CLANG_WARN_OBJC_LITERAL_CONVERSION = YES;
				CLANG_WARN_OBJC_ROOT_CLASS = YES_ERROR;
				CLANG_WARN_QUOTED_INCLUDE_IN_FRAMEWORK_HEADER = YES;
				CLANG_WARN_RANGE_LOOP_ANALYSIS = YES;
				CLANG_WARN_STRICT_PROTOTYPES = YES;
				CLANG_WARN_SUSPICIOUS_MOVE = YES;
				CLANG_WARN_UNGUARDED_AVAILABILITY = YES_AGGRESSIVE;
				CLANG_WARN_UNREACHABLE_CODE = YES;
				CLANG_WARN__DUPLICATE_METHOD_MATCH = YES;
				COPY_PHASE_STRIP = NO;
				DEBUG_INFORMATION_FORMAT = dwarf;
				ENABLE_STRICT_OBJC_MSGSEND = YES;
				ENABLE_TESTABILITY = YES;
				GCC_C_LANGUAGE_STANDARD = gnu11;
				GCC_DYNAMIC_NO_PIC = NO;
				GCC_NO_COMMON_BLOCKS = YES;
				GCC_OPTIMIZATION_LEVEL = 0;
				GCC_PREPROCESSOR_DEFINITIONS = (
					"DEBUG=1",
					"$(inherited)",
				);
				GCC_WARN_64_TO_32_BIT_CONVERSION = YES;
				GCC_WARN_ABOUT_RETURN_TYPE = YES_ERROR;
				GCC_WARN_UNDECLARED_SELECTOR = YES;
				GCC_WARN_UNINITIALIZED_AUTOS = YES_AGGRESSIVE;
				GCC_WARN_UNUSED_FUNCTION = YES;
				GCC_WARN_UNUSED_VARIABLE = YES;
				IPHONEOS_DEPLOYMENT_TARGET = 16.2;
				MTL_ENABLE_DEBUG_INFO = INCLUDE_SOURCE;
				MTL_FAST_MATH = YES;
				ONLY_ACTIVE_ARCH = YES;
				SDKROOT = iphoneos;
				SWIFT_ACTIVE_COMPILATION_CONDITIONS = DEBUG;
				SWIFT_OPTIMIZATION_LEVEL = "-Onone";
			};
			name = Debug;
		};
		81D93DAF2A8E566F003B9CF0 /* Release */ = {
			isa = XCBuildConfiguration;
			buildSettings = {
				ALWAYS_SEARCH_USER_PATHS = NO;
				CLANG_ANALYZER_NONNULL = YES;
				CLANG_ANALYZER_NUMBER_OBJECT_CONVERSION = YES_AGGRESSIVE;
				CLANG_CXX_LANGUAGE_STANDARD = "gnu++20";
				CLANG_ENABLE_MODULES = YES;
				CLANG_ENABLE_OBJC_ARC = YES;
				CLANG_ENABLE_OBJC_WEAK = YES;
				CLANG_WARN_BLOCK_CAPTURE_AUTORELEASING = YES;
				CLANG_WARN_BOOL_CONVERSION = YES;
				CLANG_WARN_COMMA = YES;
				CLANG_WARN_CONSTANT_CONVERSION = YES;
				CLANG_WARN_DEPRECATED_OBJC_IMPLEMENTATIONS = YES;
				CLANG_WARN_DIRECT_OBJC_ISA_USAGE = YES_ERROR;
				CLANG_WARN_DOCUMENTATION_COMMENTS = YES;
				CLANG_WARN_EMPTY_BODY = YES;
				CLANG_WARN_ENUM_CONVERSION = YES;
				CLANG_WARN_INFINITE_RECURSION = YES;
				CLANG_WARN_INT_CONVERSION = YES;
				CLANG_WARN_NON_LITERAL_NULL_CONVERSION = YES;
				CLANG_WARN_OBJC_IMPLICIT_RETAIN_SELF = YES;
				CLANG_WARN_OBJC_LITERAL_CONVERSION = YES;
				CLANG_WARN_OBJC_ROOT_CLASS = YES_ERROR;
				CLANG_WARN_QUOTED_INCLUDE_IN_FRAMEWORK_HEADER = YES;
				CLANG_WARN_RANGE_LOOP_ANALYSIS = YES;
				CLANG_WARN_STRICT_PROTOTYPES = YES;
				CLANG_WARN_SUSPICIOUS_MOVE = YES;
				CLANG_WARN_UNGUARDED_AVAILABILITY = YES_AGGRESSIVE;
				CLANG_WARN_UNREACHABLE_CODE = YES;
				CLANG_WARN__DUPLICATE_METHOD_MATCH = YES;
				COPY_PHASE_STRIP = NO;
				DEBUG_INFORMATION_FORMAT = "dwarf-with-dsym";
				ENABLE_NS_ASSERTIONS = NO;
				ENABLE_STRICT_OBJC_MSGSEND = YES;
				GCC_C_LANGUAGE_STANDARD = gnu11;
				GCC_NO_COMMON_BLOCKS = YES;
				GCC_WARN_64_TO_32_BIT_CONVERSION = YES;
				GCC_WARN_ABOUT_RETURN_TYPE = YES_ERROR;
				GCC_WARN_UNDECLARED_SELECTOR = YES;
				GCC_WARN_UNINITIALIZED_AUTOS = YES_AGGRESSIVE;
				GCC_WARN_UNUSED_FUNCTION = YES;
				GCC_WARN_UNUSED_VARIABLE = YES;
				IPHONEOS_DEPLOYMENT_TARGET = 16.2;
				MTL_ENABLE_DEBUG_INFO = NO;
				MTL_FAST_MATH = YES;
				SDKROOT = iphoneos;
				SWIFT_COMPILATION_MODE = wholemodule;
				SWIFT_OPTIMIZATION_LEVEL = "-O";
				VALIDATE_PRODUCT = YES;
			};
			name = Release;
		};
		81D93DB12A8E566F003B9CF0 /* Debug */ = {
			isa = XCBuildConfiguration;
			buildSettings = {
				ASSETCATALOG_COMPILER_APPICON_NAME = AppIcon;
				ASSETCATALOG_COMPILER_GLOBAL_ACCENT_COLOR_NAME = AccentColor;
				CODE_SIGN_STYLE = Automatic;
				CURRENT_PROJECT_VERSION = 1;
				GENERATE_INFOPLIST_FILE = YES;
				INFOPLIST_FILE = iOS_LoginApp/Info.plist;
				INFOPLIST_KEY_UIApplicationSupportsIndirectInputEvents = YES;
				INFOPLIST_KEY_UILaunchStoryboardName = LaunchScreen;
				INFOPLIST_KEY_UIMainStoryboardFile = Main;
				INFOPLIST_KEY_UISupportedInterfaceOrientations = UIInterfaceOrientationPortrait;
				LD_RUNPATH_SEARCH_PATHS = (
					"$(inherited)",
					"@executable_path/Frameworks",
				);
				MARKETING_VERSION = 1.0;
				PRODUCT_BUNDLE_IDENTIFIER = "nazym.iOS-LoginApp";
				PRODUCT_NAME = "$(TARGET_NAME)";
				SWIFT_EMIT_LOC_STRINGS = YES;
				SWIFT_VERSION = 5.0;
				TARGETED_DEVICE_FAMILY = "1,2";
			};
			name = Debug;
		};
		81D93DB22A8E566F003B9CF0 /* Release */ = {
			isa = XCBuildConfiguration;
			buildSettings = {
				ASSETCATALOG_COMPILER_APPICON_NAME = AppIcon;
				ASSETCATALOG_COMPILER_GLOBAL_ACCENT_COLOR_NAME = AccentColor;
				CODE_SIGN_STYLE = Automatic;
				CURRENT_PROJECT_VERSION = 1;
				GENERATE_INFOPLIST_FILE = YES;
				INFOPLIST_FILE = iOS_LoginApp/Info.plist;
				INFOPLIST_KEY_UIApplicationSupportsIndirectInputEvents = YES;
				INFOPLIST_KEY_UILaunchStoryboardName = LaunchScreen;
				INFOPLIST_KEY_UIMainStoryboardFile = Main;
				INFOPLIST_KEY_UISupportedInterfaceOrientations = UIInterfaceOrientationPortrait;
				LD_RUNPATH_SEARCH_PATHS = (
					"$(inherited)",
					"@executable_path/Frameworks",
				);
				MARKETING_VERSION = 1.0;
				PRODUCT_BUNDLE_IDENTIFIER = "nazym.iOS-LoginApp";
				PRODUCT_NAME = "$(TARGET_NAME)";
				SWIFT_EMIT_LOC_STRINGS = YES;
				SWIFT_VERSION = 5.0;
				TARGETED_DEVICE_FAMILY = "1,2";
			};
			name = Release;
		};
		81D93DB42A8E566F003B9CF0 /* Debug */ = {
			isa = XCBuildConfiguration;
			buildSettings = {
				ALWAYS_EMBED_SWIFT_STANDARD_LIBRARIES = YES;
				BUNDLE_LOADER = "$(TEST_HOST)";
				CODE_SIGN_STYLE = Automatic;
				CURRENT_PROJECT_VERSION = 1;
				GENERATE_INFOPLIST_FILE = YES;
				IPHONEOS_DEPLOYMENT_TARGET = 16.2;
				MARKETING_VERSION = 1.0;
				PRODUCT_BUNDLE_IDENTIFIER = "nazym.iOS-LoginAppTests";
				PRODUCT_NAME = "$(TARGET_NAME)";
				SWIFT_EMIT_LOC_STRINGS = NO;
				SWIFT_VERSION = 5.0;
				TARGETED_DEVICE_FAMILY = "1,2";
				TEST_HOST = "$(BUILT_PRODUCTS_DIR)/iOS_LoginApp.app/$(BUNDLE_EXECUTABLE_FOLDER_PATH)/iOS_LoginApp";
			};
			name = Debug;
		};
		81D93DB52A8E566F003B9CF0 /* Release */ = {
			isa = XCBuildConfiguration;
			buildSettings = {
				ALWAYS_EMBED_SWIFT_STANDARD_LIBRARIES = YES;
				BUNDLE_LOADER = "$(TEST_HOST)";
				CODE_SIGN_STYLE = Automatic;
				CURRENT_PROJECT_VERSION = 1;
				GENERATE_INFOPLIST_FILE = YES;
				IPHONEOS_DEPLOYMENT_TARGET = 16.2;
				MARKETING_VERSION = 1.0;
				PRODUCT_BUNDLE_IDENTIFIER = "nazym.iOS-LoginAppTests";
				PRODUCT_NAME = "$(TARGET_NAME)";
				SWIFT_EMIT_LOC_STRINGS = NO;
				SWIFT_VERSION = 5.0;
				TARGETED_DEVICE_FAMILY = "1,2";
				TEST_HOST = "$(BUILT_PRODUCTS_DIR)/iOS_LoginApp.app/$(BUNDLE_EXECUTABLE_FOLDER_PATH)/iOS_LoginApp";
			};
			name = Release;
		};
		81D93DB72A8E566F003B9CF0 /* Debug */ = {
			isa = XCBuildConfiguration;
			buildSettings = {
				ALWAYS_EMBED_SWIFT_STANDARD_LIBRARIES = YES;
				CODE_SIGN_STYLE = Automatic;
				CURRENT_PROJECT_VERSION = 1;
				GENERATE_INFOPLIST_FILE = YES;
				MARKETING_VERSION = 1.0;
				PRODUCT_BUNDLE_IDENTIFIER = "nazym.iOS-LoginAppUITests";
				PRODUCT_NAME = "$(TARGET_NAME)";
				SWIFT_EMIT_LOC_STRINGS = NO;
				SWIFT_VERSION = 5.0;
				TARGETED_DEVICE_FAMILY = "1,2";
				TEST_TARGET_NAME = iOS_LoginApp;
			};
			name = Debug;
		};
		81D93DB82A8E566F003B9CF0 /* Release */ = {
			isa = XCBuildConfiguration;
			buildSettings = {
				ALWAYS_EMBED_SWIFT_STANDARD_LIBRARIES = YES;
				CODE_SIGN_STYLE = Automatic;
				CURRENT_PROJECT_VERSION = 1;
				GENERATE_INFOPLIST_FILE = YES;
				MARKETING_VERSION = 1.0;
				PRODUCT_BUNDLE_IDENTIFIER = "nazym.iOS-LoginAppUITests";
				PRODUCT_NAME = "$(TARGET_NAME)";
				SWIFT_EMIT_LOC_STRINGS = NO;
				SWIFT_VERSION = 5.0;
				TARGETED_DEVICE_FAMILY = "1,2";
				TEST_TARGET_NAME = iOS_LoginApp;
			};
			name = Release;
		};
/* End XCBuildConfiguration section */

/* Begin XCConfigurationList section */
		81D93D812A8E566E003B9CF0 /* Build configuration list for PBXProject "iOS_LoginApp" */ = {
			isa = XCConfigurationList;
			buildConfigurations = (
				81D93DAE2A8E566F003B9CF0 /* Debug */,
				81D93DAF2A8E566F003B9CF0 /* Release */,
			);
			defaultConfigurationIsVisible = 0;
			defaultConfigurationName = Release;
		};
		81D93DB02A8E566F003B9CF0 /* Build configuration list for PBXNativeTarget "iOS_LoginApp" */ = {
			isa = XCConfigurationList;
			buildConfigurations = (
				81D93DB12A8E566F003B9CF0 /* Debug */,
				81D93DB22A8E566F003B9CF0 /* Release */,
			);
			defaultConfigurationIsVisible = 0;
			defaultConfigurationName = Release;
		};
		81D93DB32A8E566F003B9CF0 /* Build configuration list for PBXNativeTarget "iOS_LoginAppTests" */ = {
			isa = XCConfigurationList;
			buildConfigurations = (
				81D93DB42A8E566F003B9CF0 /* Debug */,
				81D93DB52A8E566F003B9CF0 /* Release */,
			);
			defaultConfigurationIsVisible = 0;
			defaultConfigurationName = Release;
		};
		81D93DB62A8E566F003B9CF0 /* Build configuration list for PBXNativeTarget "iOS_LoginAppUITests" */ = {
			isa = XCConfigurationList;
			buildConfigurations = (
				81D93DB72A8E566F003B9CF0 /* Debug */,
				81D93DB82A8E566F003B9CF0 /* Release */,
			);
			defaultConfigurationIsVisible = 0;
			defaultConfigurationName = Release;
		};
/* End XCConfigurationList section */
	};
	rootObject = 81D93D7E2A8E566E003B9CF0 /* Project object */;
}
